uuid: f130a53c-a3b3-4328-954f-4a981619a1c6
langcode: en
status: true
dependencies:
  module:
    - d8_routing_demo
  theme:
    - bartik
id: testblock
theme: bartik
region: highlighted
weight: 0
provider: null
plugin: test_block
settings:
  id: test_block
  label: 'Test block'
  provider: d8_routing_demo
  label_display: visible
visibility: {  }
